
Microsoft Visual Studio Solution File, Format Version 12.00
# Visual Studio Version 17
VisualStudioVersion = 17.0.31825.309
MinimumVisualStudioVersion = 10.0.40219.1
Project("{9A19103F-16F7-4668-BE54-9A1E7A4F7556}") = "EventSourcing.Backbone", "EventSourcing.Backbone\EventSourcing.Backbone.csproj", "{52BFDB45-C61C-4FF8-98BA-41407FFC85F5}"
EndProject
Project("{2150E333-8FDC-42A3-9474-1A3956D46DE8}") = "Tests", "Tests", "{4DE45B98-D18F-4E1D-9D2F-A4E40C11BC1F}"
EndProject
Project("{9A19103F-16F7-4668-BE54-9A1E7A4F7556}") = "EventSourcing.Backbone.UnitTests", "Tests\EventSourcing.Backbone.UnitTests\EventSourcing.Backbone.UnitTests.csproj", "{C1618305-4F0B-4AAA-8386-CA31DCBC5F59}"
EndProject
Project("{9A19103F-16F7-4668-BE54-9A1E7A4F7556}") = "EventSourcing.Backbone.Abstractions", "EventSourcing.Backbone.Abstractions\EventSourcing.Backbone.Abstractions.csproj", "{E17F4D78-8645-457E-B4CB-455FCED12F49}"
EndProject
Project("{2150E333-8FDC-42A3-9474-1A3956D46DE8}") = "Producers", "Producers", "{3FBE7FA1-700D-4B58-8569-15F533F761D1}"
EndProject
Project("{2150E333-8FDC-42A3-9474-1A3956D46DE8}") = "Consumers", "Consumers", "{EC34CEBD-EEDE-4CBA-A28A-A71BCB51D5D2}"
EndProject
Project("{9A19103F-16F7-4668-BE54-9A1E7A4F7556}") = "EventSourcing.Backbone.Consumers", "Consumers\EventSourcing.Backbone.Consumers\EventSourcing.Backbone.Consumers.csproj", "{6821E250-3BE8-4CDA-AFEA-FB8C9B4C4106}"
EndProject
Project("{9A19103F-16F7-4668-BE54-9A1E7A4F7556}") = "EventSourcing.Backbone.Producers", "Producers\EventSourcing.Backbone.Producers\EventSourcing.Backbone.Producers.csproj", "{90B4EBE9-7CDB-42E0-B5E2-9FCAC4AD52CA}"
EndProject
Project("{2150E333-8FDC-42A3-9474-1A3956D46DE8}") = "Channels", "Channels", "{75CE8A6F-D63B-491D-8834-8D3BA2127208}"
EndProject
Project("{2150E333-8FDC-42A3-9474-1A3956D46DE8}") = "Redis", "Redis", "{64FC6860-BD4C-4C11-BF6E-E99BB4D91723}"
EndProject
Project("{9A19103F-16F7-4668-BE54-9A1E7A4F7556}") = "EventSourcing.Backbone.IntegrationTests", "Tests\EventSourcing.Backbone.IntegrationTests\EventSourcing.Backbone.IntegrationTests.csproj", "{20A4298E-1929-4125-8D66-CABF330DE633}"
EndProject
Project("{9A19103F-16F7-4668-BE54-9A1E7A4F7556}") = "EventSourcing.Backbone.Channels.RedisProvider.Common", "Channels\REDIS\EventSourcing.Backbone.Channels.RedisProvider.Common\EventSourcing.Backbone.Channels.RedisProvider.Common.csproj", "{68387B20-DC7B-4C56-906E-9EC379677DE3}"
EndProject
Project("{9A19103F-16F7-4668-BE54-9A1E7A4F7556}") = "EventSourcing.Backbone.Channels.RedisProducerProvider", "Channels\REDIS\EventSourcing.Backbone.Channels.RedisProducerProvider\EventSourcing.Backbone.Channels.RedisProducerProvider.csproj", "{C4D21A30-B556-4272-85BD-8F7793BD7432}"
EndProject
Project("{9A19103F-16F7-4668-BE54-9A1E7A4F7556}") = "EventSourcing.Backbone.Channels.RedisConsumerProvider", "Channels\REDIS\EventSourcing.Backbone.Channels.RedisConsumerProvider\EventSourcing.Backbone.Channels.RedisConsumerProvider.csproj", "{ECC48028-F980-49E9-AAC1-65AF5AF3B16F}"
EndProject
Project("{9A19103F-16F7-4668-BE54-9A1E7A4F7556}") = "EventSourcing.Backbone.Channels.S3StoreProvider.Common", "Channels\S3\EventSourcing.Backbone.Channels.S3StoreProvider.Common\EventSourcing.Backbone.Channels.S3StoreProvider.Common.csproj", "{54FA986A-47D9-4709-9C3E-AEB08CE73EBD}"
EndProject
Project("{9A19103F-16F7-4668-BE54-9A1E7A4F7556}") = "EventSourcing.Backbone.Channels.S3StoreProducerProvider", "Channels\S3\EventSourcing.Backbone.Channels.S3StoreProducerProvider\EventSourcing.Backbone.Channels.S3StoreProducerProvider.csproj", "{686220F1-A72B-45FE-8A6C-148926973096}"
EndProject
Project("{9A19103F-16F7-4668-BE54-9A1E7A4F7556}") = "EventSourcing.Backbone.Channels.S3StoreConsumerProvider", "Channels\S3\EventSourcing.Backbone.Channels.S3StoreConsumerProvider\EventSourcing.Backbone.Channels.S3StoreConsumerProvider.csproj", "{39B1BBC2-1924-4B85-9BA4-3319F5C4F3E6}"
EndProject
Project("{2150E333-8FDC-42A3-9474-1A3956D46DE8}") = "Solution Items", "Solution Items", "{6BD7580F-9EAE-4046-8EA9-10FBC8CF2C56}"
	ProjectSection(SolutionItems) = preProject
		.editorconfig = .editorconfig
		Directory.Build.props = Directory.Build.props
		README.md = README.md
	EndProjectSection
EndProject
Project("{2150E333-8FDC-42A3-9474-1A3956D46DE8}") = "S3", "S3", "{1B19D36E-8348-4CAE-A2B8-87A81076539A}"
EndProject
Project("{9A19103F-16F7-4668-BE54-9A1E7A4F7556}") = "EventSourcing.Backbone.WebEventTest", "Tests\EventSourcing.Backbone.WebEventTest\EventSourcing.Backbone.WebEventTest.csproj", "{D648BE46-4208-4DEB-9F2F-0B009B603D0A}"
EndProject
Project("{2150E333-8FDC-42A3-9474-1A3956D46DE8}") = "src-gen", "src-gen", "{2AE6684B-47A2-46D3-BE4E-C14B05255BB6}"
EndProject
Project("{9A19103F-16F7-4668-BE54-9A1E7A4F7556}") = "EventSourcing.Backbone.SrcGen", "src-gen\EventSourcing.Backbone.SrcGen\EventSourcing.Backbone.SrcGen.csproj", "{230DA8DF-00EE-47E2-A7B8-54F05A8966F6}"
EndProject
Project("{9A19103F-16F7-4668-BE54-9A1E7A4F7556}") = "EventSourcing.Backbone.SrcGen.Playground", "src-gen\EventSourcing.Backbone.SrcGen.Playground\EventSourcing.Backbone.SrcGen.Playground.csproj", "{49A8B718-DAB6-4D04-874C-0B1EA12826EB}"
EndProject
Project("{9A19103F-16F7-4668-BE54-9A1E7A4F7556}") = "PlayGroundAbstraction", "src-gen\PlayGroundAbstraction\PlayGroundAbstraction.csproj", "{FBD76237-D44F-4DC4-BCB1-0DCA85A73052}"
EndProject
Project("{2150E333-8FDC-42A3-9474-1A3956D46DE8}") = "HelloWorld", "HelloWorld", "{9A1275C5-2299-4560-ABB6-CE56B9175CF7}"
EndProject
Project("{9A19103F-16F7-4668-BE54-9A1E7A4F7556}") = "EventsAbstractions", "Tests\HelloWorld\EventsAbstractions\EventsAbstractions.csproj", "{81EBE4CC-2E70-4E66-89DC-DCBB591343AB}"
EndProject
Project("{9A19103F-16F7-4668-BE54-9A1E7A4F7556}") = "ConsumingEvents", "Tests\HelloWorld\ConsumingEvents\ConsumingEvents.csproj", "{A78DF256-6896-4246-8CF5-8CCBB27760A5}"
EndProject
Project("{9A19103F-16F7-4668-BE54-9A1E7A4F7556}") = "ProducingEvents", "Tests\HelloWorld\ProducingEvents\ProducingEvents.csproj", "{B528D83E-1AB9-4461-BA5E-993FF882F85B}"
EndProject
Project("{9A19103F-16F7-4668-BE54-9A1E7A4F7556}") = "WebS3Sample", "Tests\WebS3Sample\WebS3Sample.csproj", "{4B0F7B88-F478-4577-B35E-647AA539A7F4}"
EndProject
Project("{FAE04EC0-301F-11D3-BF4B-00C04F79EFBC}") = "WebSampleS3", "Tests\WebSampleS3\WebSampleS3.csproj", "{7A749C43-60F4-4DDC-894C-5E407B08A3A9}"
EndProject
Global
	GlobalSection(SolutionConfigurationPlatforms) = preSolution
		Debug|Any CPU = Debug|Any CPU
		Gen|Any CPU = Gen|Any CPU
		Release|Any CPU = Release|Any CPU
	EndGlobalSection
	GlobalSection(ProjectConfigurationPlatforms) = postSolution
		{52BFDB45-C61C-4FF8-98BA-41407FFC85F5}.Debug|Any CPU.ActiveCfg = Debug|Any CPU
		{52BFDB45-C61C-4FF8-98BA-41407FFC85F5}.Debug|Any CPU.Build.0 = Debug|Any CPU
		{52BFDB45-C61C-4FF8-98BA-41407FFC85F5}.Gen|Any CPU.ActiveCfg = Gen|Any CPU
		{52BFDB45-C61C-4FF8-98BA-41407FFC85F5}.Release|Any CPU.ActiveCfg = Release|Any CPU
		{52BFDB45-C61C-4FF8-98BA-41407FFC85F5}.Release|Any CPU.Build.0 = Release|Any CPU
		{C1618305-4F0B-4AAA-8386-CA31DCBC5F59}.Debug|Any CPU.ActiveCfg = Debug|Any CPU
		{C1618305-4F0B-4AAA-8386-CA31DCBC5F59}.Debug|Any CPU.Build.0 = Debug|Any CPU
		{C1618305-4F0B-4AAA-8386-CA31DCBC5F59}.Gen|Any CPU.ActiveCfg = Gen|Any CPU
		{C1618305-4F0B-4AAA-8386-CA31DCBC5F59}.Release|Any CPU.ActiveCfg = Release|Any CPU
		{C1618305-4F0B-4AAA-8386-CA31DCBC5F59}.Release|Any CPU.Build.0 = Release|Any CPU
		{E17F4D78-8645-457E-B4CB-455FCED12F49}.Debug|Any CPU.ActiveCfg = Debug|Any CPU
		{E17F4D78-8645-457E-B4CB-455FCED12F49}.Debug|Any CPU.Build.0 = Debug|Any CPU
		{E17F4D78-8645-457E-B4CB-455FCED12F49}.Gen|Any CPU.ActiveCfg = Gen|Any CPU
		{E17F4D78-8645-457E-B4CB-455FCED12F49}.Release|Any CPU.ActiveCfg = Release|Any CPU
		{E17F4D78-8645-457E-B4CB-455FCED12F49}.Release|Any CPU.Build.0 = Release|Any CPU
		{6821E250-3BE8-4CDA-AFEA-FB8C9B4C4106}.Debug|Any CPU.ActiveCfg = Debug|Any CPU
		{6821E250-3BE8-4CDA-AFEA-FB8C9B4C4106}.Debug|Any CPU.Build.0 = Debug|Any CPU
		{6821E250-3BE8-4CDA-AFEA-FB8C9B4C4106}.Gen|Any CPU.ActiveCfg = Gen|Any CPU
		{6821E250-3BE8-4CDA-AFEA-FB8C9B4C4106}.Release|Any CPU.ActiveCfg = Release|Any CPU
		{6821E250-3BE8-4CDA-AFEA-FB8C9B4C4106}.Release|Any CPU.Build.0 = Release|Any CPU
		{90B4EBE9-7CDB-42E0-B5E2-9FCAC4AD52CA}.Debug|Any CPU.ActiveCfg = Debug|Any CPU
		{90B4EBE9-7CDB-42E0-B5E2-9FCAC4AD52CA}.Debug|Any CPU.Build.0 = Debug|Any CPU
		{90B4EBE9-7CDB-42E0-B5E2-9FCAC4AD52CA}.Gen|Any CPU.ActiveCfg = Gen|Any CPU
		{90B4EBE9-7CDB-42E0-B5E2-9FCAC4AD52CA}.Release|Any CPU.ActiveCfg = Release|Any CPU
		{90B4EBE9-7CDB-42E0-B5E2-9FCAC4AD52CA}.Release|Any CPU.Build.0 = Release|Any CPU
		{20A4298E-1929-4125-8D66-CABF330DE633}.Debug|Any CPU.ActiveCfg = Debug|Any CPU
		{20A4298E-1929-4125-8D66-CABF330DE633}.Debug|Any CPU.Build.0 = Debug|Any CPU
		{20A4298E-1929-4125-8D66-CABF330DE633}.Gen|Any CPU.ActiveCfg = Gen|Any CPU
		{20A4298E-1929-4125-8D66-CABF330DE633}.Release|Any CPU.ActiveCfg = Release|Any CPU
		{20A4298E-1929-4125-8D66-CABF330DE633}.Release|Any CPU.Build.0 = Release|Any CPU
		{68387B20-DC7B-4C56-906E-9EC379677DE3}.Debug|Any CPU.ActiveCfg = Debug|Any CPU
		{68387B20-DC7B-4C56-906E-9EC379677DE3}.Debug|Any CPU.Build.0 = Debug|Any CPU
		{68387B20-DC7B-4C56-906E-9EC379677DE3}.Gen|Any CPU.ActiveCfg = Gen|Any CPU
		{68387B20-DC7B-4C56-906E-9EC379677DE3}.Release|Any CPU.ActiveCfg = Release|Any CPU
		{68387B20-DC7B-4C56-906E-9EC379677DE3}.Release|Any CPU.Build.0 = Release|Any CPU
		{C4D21A30-B556-4272-85BD-8F7793BD7432}.Debug|Any CPU.ActiveCfg = Debug|Any CPU
		{C4D21A30-B556-4272-85BD-8F7793BD7432}.Debug|Any CPU.Build.0 = Debug|Any CPU
		{C4D21A30-B556-4272-85BD-8F7793BD7432}.Gen|Any CPU.ActiveCfg = Gen|Any CPU
		{C4D21A30-B556-4272-85BD-8F7793BD7432}.Release|Any CPU.ActiveCfg = Release|Any CPU
		{C4D21A30-B556-4272-85BD-8F7793BD7432}.Release|Any CPU.Build.0 = Release|Any CPU
		{ECC48028-F980-49E9-AAC1-65AF5AF3B16F}.Debug|Any CPU.ActiveCfg = Debug|Any CPU
		{ECC48028-F980-49E9-AAC1-65AF5AF3B16F}.Debug|Any CPU.Build.0 = Debug|Any CPU
		{ECC48028-F980-49E9-AAC1-65AF5AF3B16F}.Gen|Any CPU.ActiveCfg = Gen|Any CPU
		{ECC48028-F980-49E9-AAC1-65AF5AF3B16F}.Release|Any CPU.ActiveCfg = Release|Any CPU
		{ECC48028-F980-49E9-AAC1-65AF5AF3B16F}.Release|Any CPU.Build.0 = Release|Any CPU
		{54FA986A-47D9-4709-9C3E-AEB08CE73EBD}.Debug|Any CPU.ActiveCfg = Debug|Any CPU
		{54FA986A-47D9-4709-9C3E-AEB08CE73EBD}.Debug|Any CPU.Build.0 = Debug|Any CPU
		{54FA986A-47D9-4709-9C3E-AEB08CE73EBD}.Gen|Any CPU.ActiveCfg = Gen|Any CPU
		{54FA986A-47D9-4709-9C3E-AEB08CE73EBD}.Release|Any CPU.ActiveCfg = Release|Any CPU
		{54FA986A-47D9-4709-9C3E-AEB08CE73EBD}.Release|Any CPU.Build.0 = Release|Any CPU
		{686220F1-A72B-45FE-8A6C-148926973096}.Debug|Any CPU.ActiveCfg = Debug|Any CPU
		{686220F1-A72B-45FE-8A6C-148926973096}.Debug|Any CPU.Build.0 = Debug|Any CPU
		{686220F1-A72B-45FE-8A6C-148926973096}.Gen|Any CPU.ActiveCfg = Gen|Any CPU
		{686220F1-A72B-45FE-8A6C-148926973096}.Release|Any CPU.ActiveCfg = Release|Any CPU
		{686220F1-A72B-45FE-8A6C-148926973096}.Release|Any CPU.Build.0 = Release|Any CPU
		{39B1BBC2-1924-4B85-9BA4-3319F5C4F3E6}.Debug|Any CPU.ActiveCfg = Debug|Any CPU
		{39B1BBC2-1924-4B85-9BA4-3319F5C4F3E6}.Debug|Any CPU.Build.0 = Debug|Any CPU
		{39B1BBC2-1924-4B85-9BA4-3319F5C4F3E6}.Gen|Any CPU.ActiveCfg = Gen|Any CPU
		{39B1BBC2-1924-4B85-9BA4-3319F5C4F3E6}.Release|Any CPU.ActiveCfg = Release|Any CPU
		{39B1BBC2-1924-4B85-9BA4-3319F5C4F3E6}.Release|Any CPU.Build.0 = Release|Any CPU
		{D648BE46-4208-4DEB-9F2F-0B009B603D0A}.Debug|Any CPU.ActiveCfg = Debug|Any CPU
		{D648BE46-4208-4DEB-9F2F-0B009B603D0A}.Debug|Any CPU.Build.0 = Debug|Any CPU
		{D648BE46-4208-4DEB-9F2F-0B009B603D0A}.Gen|Any CPU.ActiveCfg = Gen|Any CPU
		{D648BE46-4208-4DEB-9F2F-0B009B603D0A}.Release|Any CPU.ActiveCfg = Release|Any CPU
		{D648BE46-4208-4DEB-9F2F-0B009B603D0A}.Release|Any CPU.Build.0 = Release|Any CPU
		{230DA8DF-00EE-47E2-A7B8-54F05A8966F6}.Debug|Any CPU.ActiveCfg = Debug|Any CPU
		{230DA8DF-00EE-47E2-A7B8-54F05A8966F6}.Debug|Any CPU.Build.0 = Debug|Any CPU
		{230DA8DF-00EE-47E2-A7B8-54F05A8966F6}.Gen|Any CPU.ActiveCfg = Gen|Any CPU
		{230DA8DF-00EE-47E2-A7B8-54F05A8966F6}.Gen|Any CPU.Build.0 = Gen|Any CPU
		{230DA8DF-00EE-47E2-A7B8-54F05A8966F6}.Release|Any CPU.ActiveCfg = Debug|Any CPU
		{230DA8DF-00EE-47E2-A7B8-54F05A8966F6}.Release|Any CPU.Build.0 = Debug|Any CPU
		{49A8B718-DAB6-4D04-874C-0B1EA12826EB}.Debug|Any CPU.ActiveCfg = Debug|Any CPU
		{49A8B718-DAB6-4D04-874C-0B1EA12826EB}.Debug|Any CPU.Build.0 = Debug|Any CPU
		{49A8B718-DAB6-4D04-874C-0B1EA12826EB}.Gen|Any CPU.ActiveCfg = Gen|Any CPU
		{49A8B718-DAB6-4D04-874C-0B1EA12826EB}.Release|Any CPU.ActiveCfg = Release|Any CPU
		{49A8B718-DAB6-4D04-874C-0B1EA12826EB}.Release|Any CPU.Build.0 = Release|Any CPU
		{FBD76237-D44F-4DC4-BCB1-0DCA85A73052}.Debug|Any CPU.ActiveCfg = Debug|Any CPU
		{FBD76237-D44F-4DC4-BCB1-0DCA85A73052}.Debug|Any CPU.Build.0 = Debug|Any CPU
		{FBD76237-D44F-4DC4-BCB1-0DCA85A73052}.Gen|Any CPU.ActiveCfg = Gen|Any CPU
		{FBD76237-D44F-4DC4-BCB1-0DCA85A73052}.Release|Any CPU.ActiveCfg = Release|Any CPU
		{FBD76237-D44F-4DC4-BCB1-0DCA85A73052}.Release|Any CPU.Build.0 = Release|Any CPU
		{81EBE4CC-2E70-4E66-89DC-DCBB591343AB}.Debug|Any CPU.ActiveCfg = Debug|Any CPU
		{81EBE4CC-2E70-4E66-89DC-DCBB591343AB}.Debug|Any CPU.Build.0 = Debug|Any CPU
		{81EBE4CC-2E70-4E66-89DC-DCBB591343AB}.Gen|Any CPU.ActiveCfg = Gen|Any CPU
		{81EBE4CC-2E70-4E66-89DC-DCBB591343AB}.Release|Any CPU.ActiveCfg = Release|Any CPU
		{81EBE4CC-2E70-4E66-89DC-DCBB591343AB}.Release|Any CPU.Build.0 = Release|Any CPU
		{A78DF256-6896-4246-8CF5-8CCBB27760A5}.Debug|Any CPU.ActiveCfg = Debug|Any CPU
		{A78DF256-6896-4246-8CF5-8CCBB27760A5}.Debug|Any CPU.Build.0 = Debug|Any CPU
		{A78DF256-6896-4246-8CF5-8CCBB27760A5}.Gen|Any CPU.ActiveCfg = Gen|Any CPU
		{A78DF256-6896-4246-8CF5-8CCBB27760A5}.Release|Any CPU.ActiveCfg = Release|Any CPU
		{A78DF256-6896-4246-8CF5-8CCBB27760A5}.Release|Any CPU.Build.0 = Release|Any CPU
		{B528D83E-1AB9-4461-BA5E-993FF882F85B}.Debug|Any CPU.ActiveCfg = Debug|Any CPU
		{B528D83E-1AB9-4461-BA5E-993FF882F85B}.Debug|Any CPU.Build.0 = Debug|Any CPU
		{B528D83E-1AB9-4461-BA5E-993FF882F85B}.Gen|Any CPU.ActiveCfg = Gen|Any CPU
		{B528D83E-1AB9-4461-BA5E-993FF882F85B}.Release|Any CPU.ActiveCfg = Release|Any CPU
		{B528D83E-1AB9-4461-BA5E-993FF882F85B}.Release|Any CPU.Build.0 = Release|Any CPU
		{4B0F7B88-F478-4577-B35E-647AA539A7F4}.Debug|Any CPU.ActiveCfg = Debug|Any CPU
		{4B0F7B88-F478-4577-B35E-647AA539A7F4}.Debug|Any CPU.Build.0 = Debug|Any CPU
		{4B0F7B88-F478-4577-B35E-647AA539A7F4}.Gen|Any CPU.ActiveCfg = Gen|Any CPU
		{4B0F7B88-F478-4577-B35E-647AA539A7F4}.Gen|Any CPU.Build.0 = Gen|Any CPU
		{4B0F7B88-F478-4577-B35E-647AA539A7F4}.Release|Any CPU.ActiveCfg = Release|Any CPU
		{4B0F7B88-F478-4577-B35E-647AA539A7F4}.Release|Any CPU.Build.0 = Release|Any CPU
		{7A749C43-60F4-4DDC-894C-5E407B08A3A9}.Debug|Any CPU.ActiveCfg = Debug|Any CPU
		{7A749C43-60F4-4DDC-894C-5E407B08A3A9}.Debug|Any CPU.Build.0 = Debug|Any CPU
		{7A749C43-60F4-4DDC-894C-5E407B08A3A9}.Gen|Any CPU.ActiveCfg = Gen|Any CPU
		{7A749C43-60F4-4DDC-894C-5E407B08A3A9}.Gen|Any CPU.Build.0 = Gen|Any CPU
		{7A749C43-60F4-4DDC-894C-5E407B08A3A9}.Release|Any CPU.ActiveCfg = Release|Any CPU
		{7A749C43-60F4-4DDC-894C-5E407B08A3A9}.Release|Any CPU.Build.0 = Release|Any CPU
	EndGlobalSection
	GlobalSection(SolutionProperties) = preSolution
		HideSolutionNode = FALSE
	EndGlobalSection
	GlobalSection(NestedProjects) = preSolution
		{C1618305-4F0B-4AAA-8386-CA31DCBC5F59} = {4DE45B98-D18F-4E1D-9D2F-A4E40C11BC1F}
		{6821E250-3BE8-4CDA-AFEA-FB8C9B4C4106} = {EC34CEBD-EEDE-4CBA-A28A-A71BCB51D5D2}
		{90B4EBE9-7CDB-42E0-B5E2-9FCAC4AD52CA} = {3FBE7FA1-700D-4B58-8569-15F533F761D1}
		{64FC6860-BD4C-4C11-BF6E-E99BB4D91723} = {75CE8A6F-D63B-491D-8834-8D3BA2127208}
		{20A4298E-1929-4125-8D66-CABF330DE633} = {4DE45B98-D18F-4E1D-9D2F-A4E40C11BC1F}
		{68387B20-DC7B-4C56-906E-9EC379677DE3} = {64FC6860-BD4C-4C11-BF6E-E99BB4D91723}
		{C4D21A30-B556-4272-85BD-8F7793BD7432} = {64FC6860-BD4C-4C11-BF6E-E99BB4D91723}
		{ECC48028-F980-49E9-AAC1-65AF5AF3B16F} = {64FC6860-BD4C-4C11-BF6E-E99BB4D91723}
		{54FA986A-47D9-4709-9C3E-AEB08CE73EBD} = {1B19D36E-8348-4CAE-A2B8-87A81076539A}
		{686220F1-A72B-45FE-8A6C-148926973096} = {1B19D36E-8348-4CAE-A2B8-87A81076539A}
		{39B1BBC2-1924-4B85-9BA4-3319F5C4F3E6} = {1B19D36E-8348-4CAE-A2B8-87A81076539A}
		{1B19D36E-8348-4CAE-A2B8-87A81076539A} = {75CE8A6F-D63B-491D-8834-8D3BA2127208}
		{D648BE46-4208-4DEB-9F2F-0B009B603D0A} = {4DE45B98-D18F-4E1D-9D2F-A4E40C11BC1F}
		{230DA8DF-00EE-47E2-A7B8-54F05A8966F6} = {2AE6684B-47A2-46D3-BE4E-C14B05255BB6}
		{49A8B718-DAB6-4D04-874C-0B1EA12826EB} = {2AE6684B-47A2-46D3-BE4E-C14B05255BB6}
		{FBD76237-D44F-4DC4-BCB1-0DCA85A73052} = {2AE6684B-47A2-46D3-BE4E-C14B05255BB6}
		{9A1275C5-2299-4560-ABB6-CE56B9175CF7} = {4DE45B98-D18F-4E1D-9D2F-A4E40C11BC1F}
		{81EBE4CC-2E70-4E66-89DC-DCBB591343AB} = {9A1275C5-2299-4560-ABB6-CE56B9175CF7}
		{A78DF256-6896-4246-8CF5-8CCBB27760A5} = {9A1275C5-2299-4560-ABB6-CE56B9175CF7}
		{B528D83E-1AB9-4461-BA5E-993FF882F85B} = {9A1275C5-2299-4560-ABB6-CE56B9175CF7}
		{4B0F7B88-F478-4577-B35E-647AA539A7F4} = {4DE45B98-D18F-4E1D-9D2F-A4E40C11BC1F}
		{7A749C43-60F4-4DDC-894C-5E407B08A3A9} = {4DE45B98-D18F-4E1D-9D2F-A4E40C11BC1F}
	EndGlobalSection
	GlobalSection(ExtensibilityGlobals) = postSolution
		SolutionGuid = {103E4CA1-859C-4E6A-9F2D-7FD54A8E687C}
	EndGlobalSection
EndGlobal
