
Microsoft Visual Studio Solution File, Format Version 12.00
# Visual Studio Version 16
VisualStudioVersion = 16.0.30204.135
MinimumVisualStudioVersion = 10.0.40219.1
Project("{9A19103F-16F7-4668-BE54-9A1E7A4F7556}") = "Weknow.EventSource.Backbone", "Weknow.EventSource.Backbone\Weknow.EventSource.Backbone.csproj", "{52BFDB45-C61C-4FF8-98BA-41407FFC85F5}"
EndProject
Project("{2150E333-8FDC-42A3-9474-1A3956D46DE8}") = "Tests", "Tests", "{4DE45B98-D18F-4E1D-9D2F-A4E40C11BC1F}"
EndProject
Project("{9A19103F-16F7-4668-BE54-9A1E7A4F7556}") = "Weknow.EventSource.Backbone.UnitTests", "Tests\Weknow.EventSource.Backbone.UnitTests\Weknow.EventSource.Backbone.UnitTests.csproj", "{C1618305-4F0B-4AAA-8386-CA31DCBC5F59}"
EndProject
Project("{9A19103F-16F7-4668-BE54-9A1E7A4F7556}") = "Weknow.EventSource.Backbone.Contracts", "Weknow.EventSource.Backbone.Contracts\Weknow.EventSource.Backbone.Contracts.csproj", "{E17F4D78-8645-457E-B4CB-455FCED12F49}"
EndProject
Project("{2150E333-8FDC-42A3-9474-1A3956D46DE8}") = "Producers", "Producers", "{3FBE7FA1-700D-4B58-8569-15F533F761D1}"
EndProject
Project("{2150E333-8FDC-42A3-9474-1A3956D46DE8}") = "Consumers", "Consumers", "{EC34CEBD-EEDE-4CBA-A28A-A71BCB51D5D2}"
EndProject
Project("{9A19103F-16F7-4668-BE54-9A1E7A4F7556}") = "Weknow.EventSource.Backbone.Producers.Contracts", "Producers\Weknow.EventSource.Backbone.Producers.Contracts\Weknow.EventSource.Backbone.Producers.Contracts.csproj", "{1FBD2827-BDF7-4988-89D0-8FDCF0DF2BC2}"
EndProject
Project("{9A19103F-16F7-4668-BE54-9A1E7A4F7556}") = "Weknow.EventSource.Backbone.Consumers.Contracts", "Consumers\Weknow.EventSource.Backbone.Consumers.Contracts\Weknow.EventSource.Backbone.Consumers.Contracts.csproj", "{8BDB7BF5-69F3-44B1-BCBE-4A9680215FE9}"
EndProject
Project("{9A19103F-16F7-4668-BE54-9A1E7A4F7556}") = "Weknow.EventSource.Backbone.Consumers", "Consumers\Weknow.EventSource.Backbone.Consumers\Weknow.EventSource.Backbone.Consumers.csproj", "{6821E250-3BE8-4CDA-AFEA-FB8C9B4C4106}"
EndProject
Project("{9A19103F-16F7-4668-BE54-9A1E7A4F7556}") = "Weknow.EventSource.Backbone.Producers", "Producers\Weknow.EventSource.Backbone.Producers\Weknow.EventSource.Backbone.Producers.csproj", "{90B4EBE9-7CDB-42E0-B5E2-9FCAC4AD52CA}"
EndProject
Project("{2150E333-8FDC-42A3-9474-1A3956D46DE8}") = "Channels", "Channels", "{75CE8A6F-D63B-491D-8834-8D3BA2127208}"
EndProject
Project("{2150E333-8FDC-42A3-9474-1A3956D46DE8}") = "Redis", "Redis", "{64FC6860-BD4C-4C11-BF6E-E99BB4D91723}"
EndProject
Project("{9A19103F-16F7-4668-BE54-9A1E7A4F7556}") = "Weknow.EventSource.Backbone.Channels.RedisProvider", "Channels\REDIS\Weknow.EventSource.Backbone.Channels.RedisProvider\Weknow.EventSource.Backbone.Channels.RedisProvider.csproj", "{6EA0401C-E498-4726-AD85-472C47B6FB09}"
EndProject
Global
	GlobalSection(SolutionConfigurationPlatforms) = preSolution
		Debug|Any CPU = Debug|Any CPU
		ProjRef|Any CPU = ProjRef|Any CPU
		Release|Any CPU = Release|Any CPU
	EndGlobalSection
	GlobalSection(ProjectConfigurationPlatforms) = postSolution
		{52BFDB45-C61C-4FF8-98BA-41407FFC85F5}.Debug|Any CPU.ActiveCfg = Debug|Any CPU
		{52BFDB45-C61C-4FF8-98BA-41407FFC85F5}.Debug|Any CPU.Build.0 = Debug|Any CPU
		{52BFDB45-C61C-4FF8-98BA-41407FFC85F5}.ProjRef|Any CPU.ActiveCfg = ProjRef|Any CPU
		{52BFDB45-C61C-4FF8-98BA-41407FFC85F5}.ProjRef|Any CPU.Build.0 = ProjRef|Any CPU
		{52BFDB45-C61C-4FF8-98BA-41407FFC85F5}.Release|Any CPU.ActiveCfg = Release|Any CPU
		{52BFDB45-C61C-4FF8-98BA-41407FFC85F5}.Release|Any CPU.Build.0 = Release|Any CPU
		{C1618305-4F0B-4AAA-8386-CA31DCBC5F59}.Debug|Any CPU.ActiveCfg = Debug|Any CPU
		{C1618305-4F0B-4AAA-8386-CA31DCBC5F59}.Debug|Any CPU.Build.0 = Debug|Any CPU
		{C1618305-4F0B-4AAA-8386-CA31DCBC5F59}.ProjRef|Any CPU.ActiveCfg = ProjRef|Any CPU
		{C1618305-4F0B-4AAA-8386-CA31DCBC5F59}.ProjRef|Any CPU.Build.0 = ProjRef|Any CPU
		{C1618305-4F0B-4AAA-8386-CA31DCBC5F59}.Release|Any CPU.ActiveCfg = Release|Any CPU
		{C1618305-4F0B-4AAA-8386-CA31DCBC5F59}.Release|Any CPU.Build.0 = Release|Any CPU
		{E17F4D78-8645-457E-B4CB-455FCED12F49}.Debug|Any CPU.ActiveCfg = Debug|Any CPU
		{E17F4D78-8645-457E-B4CB-455FCED12F49}.Debug|Any CPU.Build.0 = Debug|Any CPU
		{E17F4D78-8645-457E-B4CB-455FCED12F49}.ProjRef|Any CPU.ActiveCfg = ProjRef|Any CPU
		{E17F4D78-8645-457E-B4CB-455FCED12F49}.ProjRef|Any CPU.Build.0 = ProjRef|Any CPU
		{E17F4D78-8645-457E-B4CB-455FCED12F49}.Release|Any CPU.ActiveCfg = Release|Any CPU
		{E17F4D78-8645-457E-B4CB-455FCED12F49}.Release|Any CPU.Build.0 = Release|Any CPU
		{1FBD2827-BDF7-4988-89D0-8FDCF0DF2BC2}.Debug|Any CPU.ActiveCfg = Debug|Any CPU
		{1FBD2827-BDF7-4988-89D0-8FDCF0DF2BC2}.Debug|Any CPU.Build.0 = Debug|Any CPU
		{1FBD2827-BDF7-4988-89D0-8FDCF0DF2BC2}.ProjRef|Any CPU.ActiveCfg = ProjRef|Any CPU
		{1FBD2827-BDF7-4988-89D0-8FDCF0DF2BC2}.ProjRef|Any CPU.Build.0 = ProjRef|Any CPU
		{1FBD2827-BDF7-4988-89D0-8FDCF0DF2BC2}.Release|Any CPU.ActiveCfg = Release|Any CPU
		{1FBD2827-BDF7-4988-89D0-8FDCF0DF2BC2}.Release|Any CPU.Build.0 = Release|Any CPU
		{8BDB7BF5-69F3-44B1-BCBE-4A9680215FE9}.Debug|Any CPU.ActiveCfg = Debug|Any CPU
		{8BDB7BF5-69F3-44B1-BCBE-4A9680215FE9}.Debug|Any CPU.Build.0 = Debug|Any CPU
		{8BDB7BF5-69F3-44B1-BCBE-4A9680215FE9}.ProjRef|Any CPU.ActiveCfg = ProjRef|Any CPU
		{8BDB7BF5-69F3-44B1-BCBE-4A9680215FE9}.ProjRef|Any CPU.Build.0 = ProjRef|Any CPU
		{8BDB7BF5-69F3-44B1-BCBE-4A9680215FE9}.Release|Any CPU.ActiveCfg = Release|Any CPU
		{8BDB7BF5-69F3-44B1-BCBE-4A9680215FE9}.Release|Any CPU.Build.0 = Release|Any CPU
		{6821E250-3BE8-4CDA-AFEA-FB8C9B4C4106}.Debug|Any CPU.ActiveCfg = Debug|Any CPU
		{6821E250-3BE8-4CDA-AFEA-FB8C9B4C4106}.Debug|Any CPU.Build.0 = Debug|Any CPU
		{6821E250-3BE8-4CDA-AFEA-FB8C9B4C4106}.ProjRef|Any CPU.ActiveCfg = ProjRef|Any CPU
		{6821E250-3BE8-4CDA-AFEA-FB8C9B4C4106}.ProjRef|Any CPU.Build.0 = ProjRef|Any CPU
		{6821E250-3BE8-4CDA-AFEA-FB8C9B4C4106}.Release|Any CPU.ActiveCfg = Release|Any CPU
		{6821E250-3BE8-4CDA-AFEA-FB8C9B4C4106}.Release|Any CPU.Build.0 = Release|Any CPU
		{90B4EBE9-7CDB-42E0-B5E2-9FCAC4AD52CA}.Debug|Any CPU.ActiveCfg = Debug|Any CPU
		{90B4EBE9-7CDB-42E0-B5E2-9FCAC4AD52CA}.Debug|Any CPU.Build.0 = Debug|Any CPU
		{90B4EBE9-7CDB-42E0-B5E2-9FCAC4AD52CA}.ProjRef|Any CPU.ActiveCfg = ProjRef|Any CPU
		{90B4EBE9-7CDB-42E0-B5E2-9FCAC4AD52CA}.ProjRef|Any CPU.Build.0 = ProjRef|Any CPU
		{90B4EBE9-7CDB-42E0-B5E2-9FCAC4AD52CA}.Release|Any CPU.ActiveCfg = Release|Any CPU
		{90B4EBE9-7CDB-42E0-B5E2-9FCAC4AD52CA}.Release|Any CPU.Build.0 = Release|Any CPU
		{6EA0401C-E498-4726-AD85-472C47B6FB09}.Debug|Any CPU.ActiveCfg = Debug|Any CPU
		{6EA0401C-E498-4726-AD85-472C47B6FB09}.Debug|Any CPU.Build.0 = Debug|Any CPU
		{6EA0401C-E498-4726-AD85-472C47B6FB09}.ProjRef|Any CPU.ActiveCfg = ProjRef|Any CPU
		{6EA0401C-E498-4726-AD85-472C47B6FB09}.ProjRef|Any CPU.Build.0 = ProjRef|Any CPU
		{6EA0401C-E498-4726-AD85-472C47B6FB09}.Release|Any CPU.ActiveCfg = Release|Any CPU
		{6EA0401C-E498-4726-AD85-472C47B6FB09}.Release|Any CPU.Build.0 = Release|Any CPU
	EndGlobalSection
	GlobalSection(SolutionProperties) = preSolution
		HideSolutionNode = FALSE
	EndGlobalSection
	GlobalSection(NestedProjects) = preSolution
		{C1618305-4F0B-4AAA-8386-CA31DCBC5F59} = {4DE45B98-D18F-4E1D-9D2F-A4E40C11BC1F}
		{1FBD2827-BDF7-4988-89D0-8FDCF0DF2BC2} = {3FBE7FA1-700D-4B58-8569-15F533F761D1}
		{8BDB7BF5-69F3-44B1-BCBE-4A9680215FE9} = {EC34CEBD-EEDE-4CBA-A28A-A71BCB51D5D2}
		{6821E250-3BE8-4CDA-AFEA-FB8C9B4C4106} = {EC34CEBD-EEDE-4CBA-A28A-A71BCB51D5D2}
		{90B4EBE9-7CDB-42E0-B5E2-9FCAC4AD52CA} = {3FBE7FA1-700D-4B58-8569-15F533F761D1}
		{64FC6860-BD4C-4C11-BF6E-E99BB4D91723} = {75CE8A6F-D63B-491D-8834-8D3BA2127208}
		{6EA0401C-E498-4726-AD85-472C47B6FB09} = {64FC6860-BD4C-4C11-BF6E-E99BB4D91723}
	EndGlobalSection
	GlobalSection(ExtensibilityGlobals) = postSolution
		SolutionGuid = {103E4CA1-859C-4E6A-9F2D-7FD54A8E687C}
	EndGlobalSection
EndGlobal
