
Microsoft Visual Studio Solution File, Format Version 12.00
# Visual Studio Version 16
VisualStudioVersion = 16.0.30204.135
MinimumVisualStudioVersion = 10.0.40219.1
Project("{9A19103F-16F7-4668-BE54-9A1E7A4F7556}") = "Weknow.EventSource.Backbone", "Weknow.EventSource.Backbone\Weknow.EventSource.Backbone.csproj", "{52BFDB45-C61C-4FF8-98BA-41407FFC85F5}"
EndProject
Project("{2150E333-8FDC-42A3-9474-1A3956D46DE8}") = "Tests", "Tests", "{4DE45B98-D18F-4E1D-9D2F-A4E40C11BC1F}"
EndProject
Project("{9A19103F-16F7-4668-BE54-9A1E7A4F7556}") = "Weknow.EventSource.Backbone.UnitTests", "Tests\Weknow.EventSource.Backbone.UnitTests\Weknow.EventSource.Backbone.UnitTests.csproj", "{C1618305-4F0B-4AAA-8386-CA31DCBC5F59}"
EndProject
Project("{9A19103F-16F7-4668-BE54-9A1E7A4F7556}") = "Weknow.EventSource.Backbone.Contracts", "Weknow.EventSource.Backbone.Contracts\Weknow.EventSource.Backbone.Contracts.csproj", "{E17F4D78-8645-457E-B4CB-455FCED12F49}"
EndProject
Project("{2150E333-8FDC-42A3-9474-1A3956D46DE8}") = "Producers", "Producers", "{3FBE7FA1-700D-4B58-8569-15F533F761D1}"
EndProject
Project("{2150E333-8FDC-42A3-9474-1A3956D46DE8}") = "Consumers", "Consumers", "{EC34CEBD-EEDE-4CBA-A28A-A71BCB51D5D2}"
EndProject
Project("{9A19103F-16F7-4668-BE54-9A1E7A4F7556}") = "Weknow.EventSource.Backbone.Producers.Contracts", "Producers\Weknow.EventSource.Backbone.Producers.Contracts\Weknow.EventSource.Backbone.Producers.Contracts.csproj", "{1FBD2827-BDF7-4988-89D0-8FDCF0DF2BC2}"
EndProject
Project("{9A19103F-16F7-4668-BE54-9A1E7A4F7556}") = "Weknow.EventSource.Backbone.Consumers.Contracts", "Consumers\Weknow.EventSource.Backbone.Consumers.Contracts\Weknow.EventSource.Backbone.Consumers.Contracts.csproj", "{8BDB7BF5-69F3-44B1-BCBE-4A9680215FE9}"
EndProject
Project("{9A19103F-16F7-4668-BE54-9A1E7A4F7556}") = "Weknow.EventSource.Backbone.Consumers", "Consumers\Weknow.EventSource.Backbone.Consumers\Weknow.EventSource.Backbone.Consumers.csproj", "{6821E250-3BE8-4CDA-AFEA-FB8C9B4C4106}"
EndProject
Project("{9A19103F-16F7-4668-BE54-9A1E7A4F7556}") = "Weknow.EventSource.Backbone.Producers", "Producers\Weknow.EventSource.Backbone.Producers\Weknow.EventSource.Backbone.Producers.csproj", "{90B4EBE9-7CDB-42E0-B5E2-9FCAC4AD52CA}"
EndProject
Project("{2150E333-8FDC-42A3-9474-1A3956D46DE8}") = "Channels", "Channels", "{75CE8A6F-D63B-491D-8834-8D3BA2127208}"
EndProject
Project("{2150E333-8FDC-42A3-9474-1A3956D46DE8}") = "Redis", "Redis", "{64FC6860-BD4C-4C11-BF6E-E99BB4D91723}"
EndProject
Project("{9A19103F-16F7-4668-BE54-9A1E7A4F7556}") = "Weknow.EventSource.Backbone.IntegrationTests", "Tests\Weknow.EventSource.Backbone.IntegrationTests\Weknow.EventSource.Backbone.IntegrationTests.csproj", "{20A4298E-1929-4125-8D66-CABF330DE633}"
EndProject
Project("{9A19103F-16F7-4668-BE54-9A1E7A4F7556}") = "Weknow.EventSource.Backbone.Channels.RedisProvider.Common", "Channels\REDIS\Weknow.EventSource.Backbone.Channels.RedisProvider.Common\Weknow.EventSource.Backbone.Channels.RedisProvider.Common.csproj", "{68387B20-DC7B-4C56-906E-9EC379677DE3}"
EndProject
Project("{9A19103F-16F7-4668-BE54-9A1E7A4F7556}") = "Weknow.EventSource.Backbone.Channels.RedisProducerProvider", "Channels\REDIS\Weknow.EventSource.Backbone.Channels.RedisProducerProvider\Weknow.EventSource.Backbone.Channels.RedisProducerProvider.csproj", "{C4D21A30-B556-4272-85BD-8F7793BD7432}"
EndProject
Project("{9A19103F-16F7-4668-BE54-9A1E7A4F7556}") = "Weknow.EventSource.Backbone.Channels.RedisConsumerProvider", "Channels\REDIS\Weknow.EventSource.Backbone.Channels.RedisConsumerProvider\Weknow.EventSource.Backbone.Channels.RedisConsumerProvider.csproj", "{ECC48028-F980-49E9-AAC1-65AF5AF3B16F}"
EndProject
Project("{9A19103F-16F7-4668-BE54-9A1E7A4F7556}") = "Weknow.EventSource.Backbone.Channels.S3StoreProvider.Common", "Channels\S3\Weknow.EventSource.Backbone.Channels.S3StoreProvider.Common\Weknow.EventSource.Backbone.Channels.S3StoreProvider.Common.csproj", "{54FA986A-47D9-4709-9C3E-AEB08CE73EBD}"
EndProject
Project("{9A19103F-16F7-4668-BE54-9A1E7A4F7556}") = "Weknow.EventSource.Backbone.Channels.S3StoreProducerProvider", "Channels\S3\Weknow.EventSource.Backbone.Channels.S3StoreProducerProvider\Weknow.EventSource.Backbone.Channels.S3StoreProducerProvider.csproj", "{686220F1-A72B-45FE-8A6C-148926973096}"
EndProject
Project("{9A19103F-16F7-4668-BE54-9A1E7A4F7556}") = "Weknow.EventSource.Backbone.Channels.S3StoreConsumerProvider", "Channels\S3\Weknow.EventSource.Backbone.Channels.S3StoreConsumerProvider\Weknow.EventSource.Backbone.Channels.S3StoreConsumerProvider.csproj", "{39B1BBC2-1924-4B85-9BA4-3319F5C4F3E6}"
EndProject
Project("{2150E333-8FDC-42A3-9474-1A3956D46DE8}") = "Solution Items", "Solution Items", "{6BD7580F-9EAE-4046-8EA9-10FBC8CF2C56}"
	ProjectSection(SolutionItems) = preProject
		.editorconfig = .editorconfig
		Directory.Build.props = Directory.Build.props
	EndProjectSection
EndProject
Project("{2150E333-8FDC-42A3-9474-1A3956D46DE8}") = "S3", "S3", "{1B19D36E-8348-4CAE-A2B8-87A81076539A}"
EndProject
Project("{2150E333-8FDC-42A3-9474-1A3956D46DE8}") = "Bundles", "Bundles", "{2D563983-FDB6-4A23-BA1A-FAA4CD75A165}"
EndProject
Project("{FAE04EC0-301F-11D3-BF4B-00C04F79EFBC}") = "Weknow.EventSource.Backbone.WebEventTest", "Tests\Weknow.EventSource.Backbone.WebEventTest\Weknow.EventSource.Backbone.WebEventTest.csproj", "{D648BE46-4208-4DEB-9F2F-0B009B603D0A}"
EndProject
Global
	GlobalSection(SolutionConfigurationPlatforms) = preSolution
		Debug|Any CPU = Debug|Any CPU
		ProjRef|Any CPU = ProjRef|Any CPU
		Release|Any CPU = Release|Any CPU
	EndGlobalSection
	GlobalSection(ProjectConfigurationPlatforms) = postSolution
		{52BFDB45-C61C-4FF8-98BA-41407FFC85F5}.Debug|Any CPU.ActiveCfg = Debug|Any CPU
		{52BFDB45-C61C-4FF8-98BA-41407FFC85F5}.Debug|Any CPU.Build.0 = Debug|Any CPU
		{52BFDB45-C61C-4FF8-98BA-41407FFC85F5}.ProjRef|Any CPU.ActiveCfg = ProjRef|Any CPU
		{52BFDB45-C61C-4FF8-98BA-41407FFC85F5}.ProjRef|Any CPU.Build.0 = ProjRef|Any CPU
		{52BFDB45-C61C-4FF8-98BA-41407FFC85F5}.Release|Any CPU.ActiveCfg = Release|Any CPU
		{52BFDB45-C61C-4FF8-98BA-41407FFC85F5}.Release|Any CPU.Build.0 = Release|Any CPU
		{C1618305-4F0B-4AAA-8386-CA31DCBC5F59}.Debug|Any CPU.ActiveCfg = Debug|Any CPU
		{C1618305-4F0B-4AAA-8386-CA31DCBC5F59}.Debug|Any CPU.Build.0 = Debug|Any CPU
		{C1618305-4F0B-4AAA-8386-CA31DCBC5F59}.ProjRef|Any CPU.ActiveCfg = ProjRef|Any CPU
		{C1618305-4F0B-4AAA-8386-CA31DCBC5F59}.ProjRef|Any CPU.Build.0 = ProjRef|Any CPU
		{C1618305-4F0B-4AAA-8386-CA31DCBC5F59}.Release|Any CPU.ActiveCfg = Release|Any CPU
		{C1618305-4F0B-4AAA-8386-CA31DCBC5F59}.Release|Any CPU.Build.0 = Release|Any CPU
		{E17F4D78-8645-457E-B4CB-455FCED12F49}.Debug|Any CPU.ActiveCfg = Debug|Any CPU
		{E17F4D78-8645-457E-B4CB-455FCED12F49}.Debug|Any CPU.Build.0 = Debug|Any CPU
		{E17F4D78-8645-457E-B4CB-455FCED12F49}.ProjRef|Any CPU.ActiveCfg = ProjRef|Any CPU
		{E17F4D78-8645-457E-B4CB-455FCED12F49}.ProjRef|Any CPU.Build.0 = ProjRef|Any CPU
		{E17F4D78-8645-457E-B4CB-455FCED12F49}.Release|Any CPU.ActiveCfg = Release|Any CPU
		{E17F4D78-8645-457E-B4CB-455FCED12F49}.Release|Any CPU.Build.0 = Release|Any CPU
		{1FBD2827-BDF7-4988-89D0-8FDCF0DF2BC2}.Debug|Any CPU.ActiveCfg = Debug|Any CPU
		{1FBD2827-BDF7-4988-89D0-8FDCF0DF2BC2}.Debug|Any CPU.Build.0 = Debug|Any CPU
		{1FBD2827-BDF7-4988-89D0-8FDCF0DF2BC2}.ProjRef|Any CPU.ActiveCfg = ProjRef|Any CPU
		{1FBD2827-BDF7-4988-89D0-8FDCF0DF2BC2}.ProjRef|Any CPU.Build.0 = ProjRef|Any CPU
		{1FBD2827-BDF7-4988-89D0-8FDCF0DF2BC2}.Release|Any CPU.ActiveCfg = Release|Any CPU
		{1FBD2827-BDF7-4988-89D0-8FDCF0DF2BC2}.Release|Any CPU.Build.0 = Release|Any CPU
		{8BDB7BF5-69F3-44B1-BCBE-4A9680215FE9}.Debug|Any CPU.ActiveCfg = Debug|Any CPU
		{8BDB7BF5-69F3-44B1-BCBE-4A9680215FE9}.Debug|Any CPU.Build.0 = Debug|Any CPU
		{8BDB7BF5-69F3-44B1-BCBE-4A9680215FE9}.ProjRef|Any CPU.ActiveCfg = ProjRef|Any CPU
		{8BDB7BF5-69F3-44B1-BCBE-4A9680215FE9}.ProjRef|Any CPU.Build.0 = ProjRef|Any CPU
		{8BDB7BF5-69F3-44B1-BCBE-4A9680215FE9}.Release|Any CPU.ActiveCfg = Release|Any CPU
		{8BDB7BF5-69F3-44B1-BCBE-4A9680215FE9}.Release|Any CPU.Build.0 = Release|Any CPU
		{6821E250-3BE8-4CDA-AFEA-FB8C9B4C4106}.Debug|Any CPU.ActiveCfg = Debug|Any CPU
		{6821E250-3BE8-4CDA-AFEA-FB8C9B4C4106}.Debug|Any CPU.Build.0 = Debug|Any CPU
		{6821E250-3BE8-4CDA-AFEA-FB8C9B4C4106}.ProjRef|Any CPU.ActiveCfg = ProjRef|Any CPU
		{6821E250-3BE8-4CDA-AFEA-FB8C9B4C4106}.ProjRef|Any CPU.Build.0 = ProjRef|Any CPU
		{6821E250-3BE8-4CDA-AFEA-FB8C9B4C4106}.Release|Any CPU.ActiveCfg = Release|Any CPU
		{6821E250-3BE8-4CDA-AFEA-FB8C9B4C4106}.Release|Any CPU.Build.0 = Release|Any CPU
		{90B4EBE9-7CDB-42E0-B5E2-9FCAC4AD52CA}.Debug|Any CPU.ActiveCfg = Debug|Any CPU
		{90B4EBE9-7CDB-42E0-B5E2-9FCAC4AD52CA}.Debug|Any CPU.Build.0 = Debug|Any CPU
		{90B4EBE9-7CDB-42E0-B5E2-9FCAC4AD52CA}.ProjRef|Any CPU.ActiveCfg = ProjRef|Any CPU
		{90B4EBE9-7CDB-42E0-B5E2-9FCAC4AD52CA}.ProjRef|Any CPU.Build.0 = ProjRef|Any CPU
		{90B4EBE9-7CDB-42E0-B5E2-9FCAC4AD52CA}.Release|Any CPU.ActiveCfg = Release|Any CPU
		{90B4EBE9-7CDB-42E0-B5E2-9FCAC4AD52CA}.Release|Any CPU.Build.0 = Release|Any CPU
		{20A4298E-1929-4125-8D66-CABF330DE633}.Debug|Any CPU.ActiveCfg = Debug|Any CPU
		{20A4298E-1929-4125-8D66-CABF330DE633}.Debug|Any CPU.Build.0 = Debug|Any CPU
		{20A4298E-1929-4125-8D66-CABF330DE633}.ProjRef|Any CPU.ActiveCfg = ProjRef|Any CPU
		{20A4298E-1929-4125-8D66-CABF330DE633}.ProjRef|Any CPU.Build.0 = ProjRef|Any CPU
		{20A4298E-1929-4125-8D66-CABF330DE633}.Release|Any CPU.ActiveCfg = Release|Any CPU
		{20A4298E-1929-4125-8D66-CABF330DE633}.Release|Any CPU.Build.0 = Release|Any CPU
		{68387B20-DC7B-4C56-906E-9EC379677DE3}.Debug|Any CPU.ActiveCfg = Debug|Any CPU
		{68387B20-DC7B-4C56-906E-9EC379677DE3}.Debug|Any CPU.Build.0 = Debug|Any CPU
		{68387B20-DC7B-4C56-906E-9EC379677DE3}.ProjRef|Any CPU.ActiveCfg = ProjRef|Any CPU
		{68387B20-DC7B-4C56-906E-9EC379677DE3}.ProjRef|Any CPU.Build.0 = ProjRef|Any CPU
		{68387B20-DC7B-4C56-906E-9EC379677DE3}.Release|Any CPU.ActiveCfg = Release|Any CPU
		{68387B20-DC7B-4C56-906E-9EC379677DE3}.Release|Any CPU.Build.0 = Release|Any CPU
		{C4D21A30-B556-4272-85BD-8F7793BD7432}.Debug|Any CPU.ActiveCfg = Debug|Any CPU
		{C4D21A30-B556-4272-85BD-8F7793BD7432}.Debug|Any CPU.Build.0 = Debug|Any CPU
		{C4D21A30-B556-4272-85BD-8F7793BD7432}.ProjRef|Any CPU.ActiveCfg = ProjRef|Any CPU
		{C4D21A30-B556-4272-85BD-8F7793BD7432}.ProjRef|Any CPU.Build.0 = ProjRef|Any CPU
		{C4D21A30-B556-4272-85BD-8F7793BD7432}.Release|Any CPU.ActiveCfg = Release|Any CPU
		{C4D21A30-B556-4272-85BD-8F7793BD7432}.Release|Any CPU.Build.0 = Release|Any CPU
		{ECC48028-F980-49E9-AAC1-65AF5AF3B16F}.Debug|Any CPU.ActiveCfg = Debug|Any CPU
		{ECC48028-F980-49E9-AAC1-65AF5AF3B16F}.Debug|Any CPU.Build.0 = Debug|Any CPU
		{ECC48028-F980-49E9-AAC1-65AF5AF3B16F}.ProjRef|Any CPU.ActiveCfg = ProjRef|Any CPU
		{ECC48028-F980-49E9-AAC1-65AF5AF3B16F}.ProjRef|Any CPU.Build.0 = ProjRef|Any CPU
		{ECC48028-F980-49E9-AAC1-65AF5AF3B16F}.Release|Any CPU.ActiveCfg = Release|Any CPU
		{ECC48028-F980-49E9-AAC1-65AF5AF3B16F}.Release|Any CPU.Build.0 = Release|Any CPU
		{54FA986A-47D9-4709-9C3E-AEB08CE73EBD}.Debug|Any CPU.ActiveCfg = Debug|Any CPU
		{54FA986A-47D9-4709-9C3E-AEB08CE73EBD}.Debug|Any CPU.Build.0 = Debug|Any CPU
		{54FA986A-47D9-4709-9C3E-AEB08CE73EBD}.ProjRef|Any CPU.ActiveCfg = ProjRef|Any CPU
		{54FA986A-47D9-4709-9C3E-AEB08CE73EBD}.ProjRef|Any CPU.Build.0 = ProjRef|Any CPU
		{54FA986A-47D9-4709-9C3E-AEB08CE73EBD}.Release|Any CPU.ActiveCfg = Release|Any CPU
		{54FA986A-47D9-4709-9C3E-AEB08CE73EBD}.Release|Any CPU.Build.0 = Release|Any CPU
		{686220F1-A72B-45FE-8A6C-148926973096}.Debug|Any CPU.ActiveCfg = Debug|Any CPU
		{686220F1-A72B-45FE-8A6C-148926973096}.Debug|Any CPU.Build.0 = Debug|Any CPU
		{686220F1-A72B-45FE-8A6C-148926973096}.ProjRef|Any CPU.ActiveCfg = ProjRef|Any CPU
		{686220F1-A72B-45FE-8A6C-148926973096}.ProjRef|Any CPU.Build.0 = ProjRef|Any CPU
		{686220F1-A72B-45FE-8A6C-148926973096}.Release|Any CPU.ActiveCfg = Release|Any CPU
		{686220F1-A72B-45FE-8A6C-148926973096}.Release|Any CPU.Build.0 = Release|Any CPU
		{39B1BBC2-1924-4B85-9BA4-3319F5C4F3E6}.Debug|Any CPU.ActiveCfg = Debug|Any CPU
		{39B1BBC2-1924-4B85-9BA4-3319F5C4F3E6}.Debug|Any CPU.Build.0 = Debug|Any CPU
		{39B1BBC2-1924-4B85-9BA4-3319F5C4F3E6}.ProjRef|Any CPU.ActiveCfg = ProjRef|Any CPU
		{39B1BBC2-1924-4B85-9BA4-3319F5C4F3E6}.ProjRef|Any CPU.Build.0 = ProjRef|Any CPU
		{39B1BBC2-1924-4B85-9BA4-3319F5C4F3E6}.Release|Any CPU.ActiveCfg = Release|Any CPU
		{39B1BBC2-1924-4B85-9BA4-3319F5C4F3E6}.Release|Any CPU.Build.0 = Release|Any CPU
		{D648BE46-4208-4DEB-9F2F-0B009B603D0A}.Debug|Any CPU.ActiveCfg = Debug|Any CPU
		{D648BE46-4208-4DEB-9F2F-0B009B603D0A}.Debug|Any CPU.Build.0 = Debug|Any CPU
		{D648BE46-4208-4DEB-9F2F-0B009B603D0A}.ProjRef|Any CPU.ActiveCfg = ProjRef|Any CPU
		{D648BE46-4208-4DEB-9F2F-0B009B603D0A}.ProjRef|Any CPU.Build.0 = ProjRef|Any CPU
		{D648BE46-4208-4DEB-9F2F-0B009B603D0A}.Release|Any CPU.ActiveCfg = Release|Any CPU
		{D648BE46-4208-4DEB-9F2F-0B009B603D0A}.Release|Any CPU.Build.0 = Release|Any CPU
	EndGlobalSection
	GlobalSection(SolutionProperties) = preSolution
		HideSolutionNode = FALSE
	EndGlobalSection
	GlobalSection(NestedProjects) = preSolution
		{C1618305-4F0B-4AAA-8386-CA31DCBC5F59} = {4DE45B98-D18F-4E1D-9D2F-A4E40C11BC1F}
		{1FBD2827-BDF7-4988-89D0-8FDCF0DF2BC2} = {3FBE7FA1-700D-4B58-8569-15F533F761D1}
		{8BDB7BF5-69F3-44B1-BCBE-4A9680215FE9} = {EC34CEBD-EEDE-4CBA-A28A-A71BCB51D5D2}
		{6821E250-3BE8-4CDA-AFEA-FB8C9B4C4106} = {EC34CEBD-EEDE-4CBA-A28A-A71BCB51D5D2}
		{90B4EBE9-7CDB-42E0-B5E2-9FCAC4AD52CA} = {3FBE7FA1-700D-4B58-8569-15F533F761D1}
		{64FC6860-BD4C-4C11-BF6E-E99BB4D91723} = {75CE8A6F-D63B-491D-8834-8D3BA2127208}
		{20A4298E-1929-4125-8D66-CABF330DE633} = {4DE45B98-D18F-4E1D-9D2F-A4E40C11BC1F}
		{68387B20-DC7B-4C56-906E-9EC379677DE3} = {64FC6860-BD4C-4C11-BF6E-E99BB4D91723}
		{C4D21A30-B556-4272-85BD-8F7793BD7432} = {64FC6860-BD4C-4C11-BF6E-E99BB4D91723}
		{ECC48028-F980-49E9-AAC1-65AF5AF3B16F} = {64FC6860-BD4C-4C11-BF6E-E99BB4D91723}
		{54FA986A-47D9-4709-9C3E-AEB08CE73EBD} = {1B19D36E-8348-4CAE-A2B8-87A81076539A}
		{686220F1-A72B-45FE-8A6C-148926973096} = {1B19D36E-8348-4CAE-A2B8-87A81076539A}
		{39B1BBC2-1924-4B85-9BA4-3319F5C4F3E6} = {1B19D36E-8348-4CAE-A2B8-87A81076539A}
		{1B19D36E-8348-4CAE-A2B8-87A81076539A} = {75CE8A6F-D63B-491D-8834-8D3BA2127208}
		{D648BE46-4208-4DEB-9F2F-0B009B603D0A} = {4DE45B98-D18F-4E1D-9D2F-A4E40C11BC1F}
	EndGlobalSection
	GlobalSection(ExtensibilityGlobals) = postSolution
		SolutionGuid = {103E4CA1-859C-4E6A-9F2D-7FD54A8E687C}
	EndGlobalSection
EndGlobal
